github.com/jbub/ghostwriter v0.5.0 h1:GNdbstRj3uFcj4P1vH2kmxVWZVj5CpU2g3bCkfkvWjc=
github.com/jbub/ghostwriter v0.5.0/go.mod h1:MApLh2JiSAfJZG7k0jzVZ4rI0e2ptLcGhNlSPxA0roI=
github.com/ribice/kiss v2.0.0+incompatible h1:2pU1lKH4YFQNZhri2/21j2ol2/MTFJNpDXaBpIGldfM=
github.com/ribice/kiss v2.0.0+incompatible/go.mod h1:izJajv6b6JYz4W3QGhqNaI9PUEvEw3HKXimiR+LH/Po=
github.com/vividvilla/ezhil v1.0.0-beta.1 h1:nHlVTWmfkY0PpaRRGQC7YCPBd0GPRcJu7QxzK10EQww=
github.com/vividvilla/ezhil v1.0.0-beta.1/go.mod h1:HahSozJoqVATz2fEfV04eMArKUm/HhjhM/aul6SKTp8=
